
Microsoft Visual Studio Solution File, Format Version 12.00
# Visual Studio Version 17
VisualStudioVersion = 17.7.34009.444
MinimumVisualStudioVersion = 10.0.40219.1
Project("{FAE04EC0-301F-11D3-BF4B-00C04F79EFBC}") = "ReactiveUiSample.UWP", "ReactiveUiSample.UWP\ReactiveUiSample.UWP.csproj", "{39494293-852C-4D00-9BD7-FD7E83DCB78A}"
EndProject
Project("{FAE04EC0-301F-11D3-BF4B-00C04F79EFBC}") = "ReactiveUiSample.Android", "ReactiveUiSample.Android\ReactiveUiSample.Android.csproj", "{14682241-8569-464F-9D61-D0BB300BF4ED}"
EndProject
Project("{FAE04EC0-301F-11D3-BF4B-00C04F79EFBC}") = "ReactiveUiSample.iOS", "ReactiveUiSample.iOS\ReactiveUiSample.iOS.csproj", "{61D3F6A6-A136-4AB1-9541-F222D6D82D12}"
EndProject
Project("{9A19103F-16F7-4668-BE54-9A1E7A4F7556}") = "ReactiveUiSample", "ReactiveUiSample\ReactiveUiSample.csproj", "{F3943777-2912-475A-88EA-6F49DD2038CD}"
EndProject
Project("{2150E333-8FDC-42A3-9474-1A3956D46DE8}") = "Solution Items", "Solution Items", "{3930814E-40CC-4906-ACDF-8404D7D65F06}"
	ProjectSection(SolutionItems) = preProject
		.editorconfig = .editorconfig
	EndProjectSection
EndProject
Global
	GlobalSection(SolutionConfigurationPlatforms) = preSolution
		Debug|Any CPU = Debug|Any CPU
		Debug|ARM = Debug|ARM
		Debug|iPhone = Debug|iPhone
		Debug|iPhoneSimulator = Debug|iPhoneSimulator
		Debug|x64 = Debug|x64
		Debug|x86 = Debug|x86
		Release|Any CPU = Release|Any CPU
		Release|ARM = Release|ARM
		Release|iPhone = Release|iPhone
		Release|iPhoneSimulator = Release|iPhoneSimulator
		Release|x64 = Release|x64
		Release|x86 = Release|x86
	EndGlobalSection
	GlobalSection(ProjectConfigurationPlatforms) = postSolution
		{39494293-852C-4D00-9BD7-FD7E83DCB78A}.Debug|Any CPU.ActiveCfg = Debug|x64
		{39494293-852C-4D00-9BD7-FD7E83DCB78A}.Debug|ARM.ActiveCfg = Debug|ARM
		{39494293-852C-4D00-9BD7-FD7E83DCB78A}.Debug|ARM.Build.0 = Debug|ARM
		{39494293-852C-4D00-9BD7-FD7E83DCB78A}.Debug|ARM.Deploy.0 = Debug|ARM
		{39494293-852C-4D00-9BD7-FD7E83DCB78A}.Debug|iPhone.ActiveCfg = Debug|x64
		{39494293-852C-4D00-9BD7-FD7E83DCB78A}.Debug|iPhoneSimulator.ActiveCfg = Debug|x64
		{39494293-852C-4D00-9BD7-FD7E83DCB78A}.Debug|x64.ActiveCfg = Debug|x64
		{39494293-852C-4D00-9BD7-FD7E83DCB78A}.Debug|x64.Build.0 = Debug|x64
		{39494293-852C-4D00-9BD7-FD7E83DCB78A}.Debug|x64.Deploy.0 = Debug|x64
		{39494293-852C-4D00-9BD7-FD7E83DCB78A}.Debug|x86.ActiveCfg = Debug|x86
		{39494293-852C-4D00-9BD7-FD7E83DCB78A}.Debug|x86.Build.0 = Debug|x86
		{39494293-852C-4D00-9BD7-FD7E83DCB78A}.Debug|x86.Deploy.0 = Debug|x86
		{39494293-852C-4D00-9BD7-FD7E83DCB78A}.Release|Any CPU.ActiveCfg = Release|x64
		{39494293-852C-4D00-9BD7-FD7E83DCB78A}.Release|ARM.ActiveCfg = Release|ARM
		{39494293-852C-4D00-9BD7-FD7E83DCB78A}.Release|ARM.Build.0 = Release|ARM
		{39494293-852C-4D00-9BD7-FD7E83DCB78A}.Release|ARM.Deploy.0 = Release|ARM
		{39494293-852C-4D00-9BD7-FD7E83DCB78A}.Release|iPhone.ActiveCfg = Release|x64
		{39494293-852C-4D00-9BD7-FD7E83DCB78A}.Release|iPhoneSimulator.ActiveCfg = Release|x64
		{39494293-852C-4D00-9BD7-FD7E83DCB78A}.Release|x64.ActiveCfg = Release|x64
		{39494293-852C-4D00-9BD7-FD7E83DCB78A}.Release|x64.Build.0 = Release|x64
		{39494293-852C-4D00-9BD7-FD7E83DCB78A}.Release|x64.Deploy.0 = Release|x64
		{39494293-852C-4D00-9BD7-FD7E83DCB78A}.Release|x86.ActiveCfg = Release|x86
		{39494293-852C-4D00-9BD7-FD7E83DCB78A}.Release|x86.Build.0 = Release|x86
		{39494293-852C-4D00-9BD7-FD7E83DCB78A}.Release|x86.Deploy.0 = Release|x86
		{14682241-8569-464F-9D61-D0BB300BF4ED}.Debug|Any CPU.ActiveCfg = Debug|Any CPU
		{14682241-8569-464F-9D61-D0BB300BF4ED}.Debug|Any CPU.Build.0 = Debug|Any CPU
		{14682241-8569-464F-9D61-D0BB300BF4ED}.Debug|Any CPU.Deploy.0 = Debug|Any CPU
		{14682241-8569-464F-9D61-D0BB300BF4ED}.Debug|ARM.ActiveCfg = Debug|Any CPU
		{14682241-8569-464F-9D61-D0BB300BF4ED}.Debug|ARM.Build.0 = Debug|Any CPU
		{14682241-8569-464F-9D61-D0BB300BF4ED}.Debug|ARM.Deploy.0 = Debug|Any CPU
		{14682241-8569-464F-9D61-D0BB300BF4ED}.Debug|iPhone.ActiveCfg = Debug|Any CPU
		{14682241-8569-464F-9D61-D0BB300BF4ED}.Debug|iPhone.Build.0 = Debug|Any CPU
		{14682241-8569-464F-9D61-D0BB300BF4ED}.Debug|iPhone.Deploy.0 = Debug|Any CPU
		{14682241-8569-464F-9D61-D0BB300BF4ED}.Debug|iPhoneSimulator.ActiveCfg = Debug|Any CPU
		{14682241-8569-464F-9D61-D0BB300BF4ED}.Debug|iPhoneSimulator.Build.0 = Debug|Any CPU
		{14682241-8569-464F-9D61-D0BB300BF4ED}.Debug|iPhoneSimulator.Deploy.0 = Debug|Any CPU
		{14682241-8569-464F-9D61-D0BB300BF4ED}.Debug|x64.ActiveCfg = Debug|Any CPU
		{14682241-8569-464F-9D61-D0BB300BF4ED}.Debug|x64.Build.0 = Debug|Any CPU
		{14682241-8569-464F-9D61-D0BB300BF4ED}.Debug|x64.Deploy.0 = Debug|Any CPU
		{14682241-8569-464F-9D61-D0BB300BF4ED}.Debug|x86.ActiveCfg = Debug|Any CPU
		{14682241-8569-464F-9D61-D0BB300BF4ED}.Debug|x86.Build.0 = Debug|Any CPU
		{14682241-8569-464F-9D61-D0BB300BF4ED}.Debug|x86.Deploy.0 = Debug|Any CPU
		{14682241-8569-464F-9D61-D0BB300BF4ED}.Release|Any CPU.ActiveCfg = Release|Any CPU
		{14682241-8569-464F-9D61-D0BB300BF4ED}.Release|Any CPU.Build.0 = Release|Any CPU
		{14682241-8569-464F-9D61-D0BB300BF4ED}.Release|Any CPU.Deploy.0 = Release|Any CPU
		{14682241-8569-464F-9D61-D0BB300BF4ED}.Release|ARM.ActiveCfg = Release|Any CPU
		{14682241-8569-464F-9D61-D0BB300BF4ED}.Release|ARM.Build.0 = Release|Any CPU
		{14682241-8569-464F-9D61-D0BB300BF4ED}.Release|ARM.Deploy.0 = Release|Any CPU
		{14682241-8569-464F-9D61-D0BB300BF4ED}.Release|iPhone.ActiveCfg = Release|Any CPU
		{14682241-8569-464F-9D61-D0BB300BF4ED}.Release|iPhone.Build.0 = Release|Any CPU
		{14682241-8569-464F-9D61-D0BB300BF4ED}.Release|iPhone.Deploy.0 = Release|Any CPU
		{14682241-8569-464F-9D61-D0BB300BF4ED}.Release|iPhoneSimulator.ActiveCfg = Release|Any CPU
		{14682241-8569-464F-9D61-D0BB300BF4ED}.Release|iPhoneSimulator.Build.0 = Release|Any CPU
		{14682241-8569-464F-9D61-D0BB300BF4ED}.Release|iPhoneSimulator.Deploy.0 = Release|Any CPU
		{14682241-8569-464F-9D61-D0BB300BF4ED}.Release|x64.ActiveCfg = Release|Any CPU
		{14682241-8569-464F-9D61-D0BB300BF4ED}.Release|x64.Build.0 = Release|Any CPU
		{14682241-8569-464F-9D61-D0BB300BF4ED}.Release|x64.Deploy.0 = Release|Any CPU
		{14682241-8569-464F-9D61-D0BB300BF4ED}.Release|x86.ActiveCfg = Release|Any CPU
		{14682241-8569-464F-9D61-D0BB300BF4ED}.Release|x86.Build.0 = Release|Any CPU
		{14682241-8569-464F-9D61-D0BB300BF4ED}.Release|x86.Deploy.0 = Release|Any CPU
		{61D3F6A6-A136-4AB1-9541-F222D6D82D12}.Debug|Any CPU.ActiveCfg = Debug|iPhoneSimulator
		{61D3F6A6-A136-4AB1-9541-F222D6D82D12}.Debug|Any CPU.Build.0 = Debug|iPhoneSimulator
		{61D3F6A6-A136-4AB1-9541-F222D6D82D12}.Debug|Any CPU.Deploy.0 = Debug|iPhoneSimulator
		{61D3F6A6-A136-4AB1-9541-F222D6D82D12}.Debug|ARM.ActiveCfg = Debug|iPhoneSimulator
		{61D3F6A6-A136-4AB1-9541-F222D6D82D12}.Debug|ARM.Build.0 = Debug|iPhoneSimulator
		{61D3F6A6-A136-4AB1-9541-F222D6D82D12}.Debug|ARM.Deploy.0 = Debug|iPhoneSimulator
		{61D3F6A6-A136-4AB1-9541-F222D6D82D12}.Debug|iPhone.ActiveCfg = Debug|iPhone
		{61D3F6A6-A136-4AB1-9541-F222D6D82D12}.Debug|iPhone.Build.0 = Debug|iPhone
		{61D3F6A6-A136-4AB1-9541-F222D6D82D12}.Debug|iPhone.Deploy.0 = Debug|iPhone
		{61D3F6A6-A136-4AB1-9541-F222D6D82D12}.Debug|iPhoneSimulator.ActiveCfg = Debug|iPhoneSimulator
		{61D3F6A6-A136-4AB1-9541-F222D6D82D12}.Debug|iPhoneSimulator.Build.0 = Debug|iPhoneSimulator
		{61D3F6A6-A136-4AB1-9541-F222D6D82D12}.Debug|iPhoneSimulator.Deploy.0 = Debug|iPhoneSimulator
		{61D3F6A6-A136-4AB1-9541-F222D6D82D12}.Debug|x64.ActiveCfg = Debug|iPhone
		{61D3F6A6-A136-4AB1-9541-F222D6D82D12}.Debug|x64.Build.0 = Debug|iPhone
		{61D3F6A6-A136-4AB1-9541-F222D6D82D12}.Debug|x64.Deploy.0 = Debug|iPhone
		{61D3F6A6-A136-4AB1-9541-F222D6D82D12}.Debug|x86.ActiveCfg = Debug|iPhoneSimulator
		{61D3F6A6-A136-4AB1-9541-F222D6D82D12}.Debug|x86.Build.0 = Debug|iPhoneSimulator
		{61D3F6A6-A136-4AB1-9541-F222D6D82D12}.Debug|x86.Deploy.0 = Debug|iPhoneSimulator
		{61D3F6A6-A136-4AB1-9541-F222D6D82D12}.Release|Any CPU.ActiveCfg = Release|iPhoneSimulator
		{61D3F6A6-A136-4AB1-9541-F222D6D82D12}.Release|Any CPU.Build.0 = Release|iPhoneSimulator
		{61D3F6A6-A136-4AB1-9541-F222D6D82D12}.Release|Any CPU.Deploy.0 = Release|iPhoneSimulator
		{61D3F6A6-A136-4AB1-9541-F222D6D82D12}.Release|ARM.ActiveCfg = Release|iPhoneSimulator
		{61D3F6A6-A136-4AB1-9541-F222D6D82D12}.Release|ARM.Build.0 = Release|iPhoneSimulator
		{61D3F6A6-A136-4AB1-9541-F222D6D82D12}.Release|ARM.Deploy.0 = Release|iPhoneSimulator
		{61D3F6A6-A136-4AB1-9541-F222D6D82D12}.Release|iPhone.ActiveCfg = Release|iPhone
		{61D3F6A6-A136-4AB1-9541-F222D6D82D12}.Release|iPhone.Build.0 = Release|iPhone
		{61D3F6A6-A136-4AB1-9541-F222D6D82D12}.Release|iPhone.Deploy.0 = Release|iPhone
		{61D3F6A6-A136-4AB1-9541-F222D6D82D12}.Release|iPhoneSimulator.ActiveCfg = Release|iPhoneSimulator
		{61D3F6A6-A136-4AB1-9541-F222D6D82D12}.Release|iPhoneSimulator.Build.0 = Release|iPhoneSimulator
		{61D3F6A6-A136-4AB1-9541-F222D6D82D12}.Release|iPhoneSimulator.Deploy.0 = Release|iPhoneSimulator
		{61D3F6A6-A136-4AB1-9541-F222D6D82D12}.Release|x64.ActiveCfg = Release|iPhoneSimulator
		{61D3F6A6-A136-4AB1-9541-F222D6D82D12}.Release|x64.Build.0 = Release|iPhoneSimulator
		{61D3F6A6-A136-4AB1-9541-F222D6D82D12}.Release|x64.Deploy.0 = Release|iPhoneSimulator
		{61D3F6A6-A136-4AB1-9541-F222D6D82D12}.Release|x86.ActiveCfg = Release|iPhoneSimulator
		{61D3F6A6-A136-4AB1-9541-F222D6D82D12}.Release|x86.Build.0 = Release|iPhoneSimulator
		{61D3F6A6-A136-4AB1-9541-F222D6D82D12}.Release|x86.Deploy.0 = Release|iPhoneSimulator
		{F3943777-2912-475A-88EA-6F49DD2038CD}.Debug|Any CPU.ActiveCfg = Debug|Any CPU
		{F3943777-2912-475A-88EA-6F49DD2038CD}.Debug|Any CPU.Build.0 = Debug|Any CPU
		{F3943777-2912-475A-88EA-6F49DD2038CD}.Debug|Any CPU.Deploy.0 = Debug|Any CPU
		{F3943777-2912-475A-88EA-6F49DD2038CD}.Debug|ARM.ActiveCfg = Debug|Any CPU
		{F3943777-2912-475A-88EA-6F49DD2038CD}.Debug|ARM.Build.0 = Debug|Any CPU
		{F3943777-2912-475A-88EA-6F49DD2038CD}.Debug|ARM.Deploy.0 = Debug|Any CPU
		{F3943777-2912-475A-88EA-6F49DD2038CD}.Debug|iPhone.ActiveCfg = Debug|Any CPU
		{F3943777-2912-475A-88EA-6F49DD2038CD}.Debug|iPhone.Build.0 = Debug|Any CPU
		{F3943777-2912-475A-88EA-6F49DD2038CD}.Debug|iPhone.Deploy.0 = Debug|Any CPU
		{F3943777-2912-475A-88EA-6F49DD2038CD}.Debug|iPhoneSimulator.ActiveCfg = Debug|Any CPU
		{F3943777-2912-475A-88EA-6F49DD2038CD}.Debug|iPhoneSimulator.Build.0 = Debug|Any CPU
		{F3943777-2912-475A-88EA-6F49DD2038CD}.Debug|iPhoneSimulator.Deploy.0 = Debug|Any CPU
		{F3943777-2912-475A-88EA-6F49DD2038CD}.Debug|x64.ActiveCfg = Debug|Any CPU
		{F3943777-2912-475A-88EA-6F49DD2038CD}.Debug|x64.Build.0 = Debug|Any CPU
		{F3943777-2912-475A-88EA-6F49DD2038CD}.Debug|x64.Deploy.0 = Debug|Any CPU
		{F3943777-2912-475A-88EA-6F49DD2038CD}.Debug|x86.ActiveCfg = Debug|Any CPU
		{F3943777-2912-475A-88EA-6F49DD2038CD}.Debug|x86.Build.0 = Debug|Any CPU
		{F3943777-2912-475A-88EA-6F49DD2038CD}.Debug|x86.Deploy.0 = Debug|Any CPU
		{F3943777-2912-475A-88EA-6F49DD2038CD}.Release|Any CPU.ActiveCfg = Release|Any CPU
		{F3943777-2912-475A-88EA-6F49DD2038CD}.Release|Any CPU.Build.0 = Release|Any CPU
		{F3943777-2912-475A-88EA-6F49DD2038CD}.Release|Any CPU.Deploy.0 = Release|Any CPU
		{F3943777-2912-475A-88EA-6F49DD2038CD}.Release|ARM.ActiveCfg = Release|Any CPU
		{F3943777-2912-475A-88EA-6F49DD2038CD}.Release|ARM.Build.0 = Release|Any CPU
		{F3943777-2912-475A-88EA-6F49DD2038CD}.Release|ARM.Deploy.0 = Release|Any CPU
		{F3943777-2912-475A-88EA-6F49DD2038CD}.Release|iPhone.ActiveCfg = Release|Any CPU
		{F3943777-2912-475A-88EA-6F49DD2038CD}.Release|iPhone.Build.0 = Release|Any CPU
		{F3943777-2912-475A-88EA-6F49DD2038CD}.Release|iPhone.Deploy.0 = Release|Any CPU
		{F3943777-2912-475A-88EA-6F49DD2038CD}.Release|iPhoneSimulator.ActiveCfg = Release|Any CPU
		{F3943777-2912-475A-88EA-6F49DD2038CD}.Release|iPhoneSimulator.Build.0 = Release|Any CPU
		{F3943777-2912-475A-88EA-6F49DD2038CD}.Release|iPhoneSimulator.Deploy.0 = Release|Any CPU
		{F3943777-2912-475A-88EA-6F49DD2038CD}.Release|x64.ActiveCfg = Release|Any CPU
		{F3943777-2912-475A-88EA-6F49DD2038CD}.Release|x64.Build.0 = Release|Any CPU
		{F3943777-2912-475A-88EA-6F49DD2038CD}.Release|x64.Deploy.0 = Release|Any CPU
		{F3943777-2912-475A-88EA-6F49DD2038CD}.Release|x86.ActiveCfg = Release|Any CPU
		{F3943777-2912-475A-88EA-6F49DD2038CD}.Release|x86.Build.0 = Release|Any CPU
		{F3943777-2912-475A-88EA-6F49DD2038CD}.Release|x86.Deploy.0 = Release|Any CPU
	EndGlobalSection
	GlobalSection(SolutionProperties) = preSolution
		HideSolutionNode = FALSE
	EndGlobalSection
	GlobalSection(ExtensibilityGlobals) = postSolution
		SolutionGuid = {D5BA72CC-3069-4F67-B374-E2DEDB546FBE}
	EndGlobalSection
EndGlobal
